
Microsoft Visual Studio Solution File, Format Version 12.00
# Visual Studio 15
VisualStudioVersion = 15.0.26430.14
MinimumVisualStudioVersion = 10.0.40219.1
Project("{FAE04EC0-301F-11D3-BF4B-00C04F79EFBC}") = "nri-perfmon", "nri-perfmon\nri-perfmon.csproj", "{F461207C-425C-4E39-8B99-C276C00FF3D6}"
EndProject
Global
	GlobalSection(SolutionConfigurationPlatforms) = preSolution
		Debug|x64 = Debug|x64
		Debug|x86 = Debug|x86
		Debug-RunOnce|x64 = Debug-RunOnce|x64
		Debug-RunOnce|x86 = Debug-RunOnce|x86
		Debug-RUser|x64 = Debug-RUser|x64
		Debug-RUser|x86 = Debug-RUser|x86
		Release|x64 = Release|x64
		Release|x86 = Release|x86
	EndGlobalSection
	GlobalSection(ProjectConfigurationPlatforms) = postSolution
		{F461207C-425C-4E39-8B99-C276C00FF3D6}.Debug|x64.ActiveCfg = Debug|x64
		{F461207C-425C-4E39-8B99-C276C00FF3D6}.Debug|x64.Build.0 = Debug|x64
		{F461207C-425C-4E39-8B99-C276C00FF3D6}.Debug|x86.ActiveCfg = Debug|x86
		{F461207C-425C-4E39-8B99-C276C00FF3D6}.Debug|x86.Build.0 = Debug|x86
		{F461207C-425C-4E39-8B99-C276C00FF3D6}.Debug-RunOnce|x64.ActiveCfg = Debug-RunOnce|Any CPU
		{F461207C-425C-4E39-8B99-C276C00FF3D6}.Debug-RunOnce|x64.Build.0 = Debug-RunOnce|Any CPU
		{F461207C-425C-4E39-8B99-C276C00FF3D6}.Debug-RunOnce|x86.ActiveCfg = Debug-RunOnce|x86
		{F461207C-425C-4E39-8B99-C276C00FF3D6}.Debug-RunOnce|x86.Build.0 = Debug-RunOnce|x86
		{F461207C-425C-4E39-8B99-C276C00FF3D6}.Debug-RUser|x64.ActiveCfg = Debug-RUser|Any CPU
		{F461207C-425C-4E39-8B99-C276C00FF3D6}.Debug-RUser|x64.Build.0 = Debug-RUser|Any CPU
		{F461207C-425C-4E39-8B99-C276C00FF3D6}.Debug-RUser|x86.ActiveCfg = Debug-RUser|x86
		{F461207C-425C-4E39-8B99-C276C00FF3D6}.Release|x64.ActiveCfg = Release|x64
		{F461207C-425C-4E39-8B99-C276C00FF3D6}.Release|x64.Build.0 = Release|x64
		{F461207C-425C-4E39-8B99-C276C00FF3D6}.Release|x64.Deploy.0 = Release|x64
		{F461207C-425C-4E39-8B99-C276C00FF3D6}.Release|x86.ActiveCfg = Release|x86
		{F461207C-425C-4E39-8B99-C276C00FF3D6}.Release|x86.Build.0 = Release|x86
	EndGlobalSection
	GlobalSection(SolutionProperties) = preSolution
		HideSolutionNode = FALSE
	EndGlobalSection
	GlobalSection(ExtensibilityGlobals) = postSolution
		SolutionGuid = {1BCFFAFE-5427-45A0-88B8-16533EDC41CA}
	EndGlobalSection
EndGlobal
